
Microsoft Visual Studio Solution File, Format Version 12.00
# Visual Studio Version 17
VisualStudioVersion = 17.8.34525.116
MinimumVisualStudioVersion = 10.0.40219.1
Project("{FAE04EC0-301F-11D3-BF4B-00C04F79EFBC}") = "proyectoEF", "proyectoEF\proyectoEF.csproj", "{BA64C445-7576-4B8C-B3F0-2FBFCF21D672}"
EndProject
Global
	GlobalSection(SolutionConfigurationPlatforms) = preSolution
		Debug|Any CPU = Debug|Any CPU
		Release|Any CPU = Release|Any CPU
	EndGlobalSection
	GlobalSection(ProjectConfigurationPlatforms) = postSolution
		{BA64C445-7576-4B8C-B3F0-2FBFCF21D672}.Debug|Any CPU.ActiveCfg = Debug|Any CPU
		{BA64C445-7576-4B8C-B3F0-2FBFCF21D672}.Debug|Any CPU.Build.0 = Debug|Any CPU
		{BA64C445-7576-4B8C-B3F0-2FBFCF21D672}.Release|Any CPU.ActiveCfg = Release|Any CPU
		{BA64C445-7576-4B8C-B3F0-2FBFCF21D672}.Release|Any CPU.Build.0 = Release|Any CPU
	EndGlobalSection
	GlobalSection(SolutionProperties) = preSolution
		HideSolutionNode = FALSE
	EndGlobalSection
	GlobalSection(ExtensibilityGlobals) = postSolution
		SolutionGuid = {5F38A155-5B5F-4437-B2C2-A39E887A47A0}
	EndGlobalSection
EndGlobal
