
Microsoft Visual Studio Solution File, Format Version 12.00
# Visual Studio Version 17
VisualStudioVersion = 17.9.34607.119
MinimumVisualStudioVersion = 10.0.40219.1
Project("{FAE04EC0-301F-11D3-BF4B-00C04F79EFBC}") = "proyectoUnidadUno", "proyectoUnidadUno\proyectoUnidadUno.csproj", "{4574B197-38CA-48E3-A108-8814B6036002}"
EndProject
Global
	GlobalSection(SolutionConfigurationPlatforms) = preSolution
		Debug|Any CPU = Debug|Any CPU
		Release|Any CPU = Release|Any CPU
	EndGlobalSection
	GlobalSection(ProjectConfigurationPlatforms) = postSolution
		{4574B197-38CA-48E3-A108-8814B6036002}.Debug|Any CPU.ActiveCfg = Debug|Any CPU
		{4574B197-38CA-48E3-A108-8814B6036002}.Debug|Any CPU.Build.0 = Debug|Any CPU
		{4574B197-38CA-48E3-A108-8814B6036002}.Release|Any CPU.ActiveCfg = Release|Any CPU
		{4574B197-38CA-48E3-A108-8814B6036002}.Release|Any CPU.Build.0 = Release|Any CPU
	EndGlobalSection
	GlobalSection(SolutionProperties) = preSolution
		HideSolutionNode = FALSE
	EndGlobalSection
	GlobalSection(ExtensibilityGlobals) = postSolution
		SolutionGuid = {6717C1F4-A9C6-40F8-A11E-9B48F5BD1A63}
	EndGlobalSection
EndGlobal
