
Microsoft Visual Studio Solution File, Format Version 12.00
# Visual Studio Version 17
VisualStudioVersion = 17.8.34525.116
MinimumVisualStudioVersion = 10.0.40219.1
Project("{FAE04EC0-301F-11D3-BF4B-00C04F79EFBC}") = "UsandoTryCatch", "UsandoTryCatch\UsandoTryCatch.csproj", "{ADA015CB-A362-4360-A940-6DEAB972A458}"
EndProject
Global
	GlobalSection(SolutionConfigurationPlatforms) = preSolution
		Debug|Any CPU = Debug|Any CPU
		Release|Any CPU = Release|Any CPU
	EndGlobalSection
	GlobalSection(ProjectConfigurationPlatforms) = postSolution
		{ADA015CB-A362-4360-A940-6DEAB972A458}.Debug|Any CPU.ActiveCfg = Debug|Any CPU
		{ADA015CB-A362-4360-A940-6DEAB972A458}.Debug|Any CPU.Build.0 = Debug|Any CPU
		{ADA015CB-A362-4360-A940-6DEAB972A458}.Release|Any CPU.ActiveCfg = Release|Any CPU
		{ADA015CB-A362-4360-A940-6DEAB972A458}.Release|Any CPU.Build.0 = Release|Any CPU
	EndGlobalSection
	GlobalSection(SolutionProperties) = preSolution
		HideSolutionNode = FALSE
	EndGlobalSection
	GlobalSection(ExtensibilityGlobals) = postSolution
		SolutionGuid = {6907BA4D-60DB-4378-8E0E-B59D99E24467}
	EndGlobalSection
EndGlobal
